
Microsoft Visual Studio Solution File, Format Version 12.00
# Visual Studio Version 16
VisualStudioVersion = 16.0.31025.194
MinimumVisualStudioVersion = 10.0.40219.1
Project("{9A19103F-16F7-4668-BE54-9A1E7A4F7556}") = "SurfProgressAPI", "SurfProgressAPI\SurfProgressAPI.csproj", "{D9887B09-0267-4C9C-9192-5EB15CC20D64}"
EndProject
Project("{9A19103F-16F7-4668-BE54-9A1E7A4F7556}") = "SurfProgressApp", "SurfProgressApp\SurfProgressApp.csproj", "{1CBD1AF8-42F9-4792-8D70-2B698FB6EEEE}"
EndProject
Project("{FAE04EC0-301F-11D3-BF4B-00C04F79EFBC}") = "SurfProgressAPI.Shared", "SurfProgressAPI.Shared\SurfProgressAPI.Shared.csproj", "{2AE5E089-EEC3-459A-A250-2B374389DD0F}"
EndProject
Global
	GlobalSection(SolutionConfigurationPlatforms) = preSolution
		Debug|Any CPU = Debug|Any CPU
		Release|Any CPU = Release|Any CPU
	EndGlobalSection
	GlobalSection(ProjectConfigurationPlatforms) = postSolution
		{D9887B09-0267-4C9C-9192-5EB15CC20D64}.Debug|Any CPU.ActiveCfg = Debug|Any CPU
		{D9887B09-0267-4C9C-9192-5EB15CC20D64}.Debug|Any CPU.Build.0 = Debug|Any CPU
		{D9887B09-0267-4C9C-9192-5EB15CC20D64}.Release|Any CPU.ActiveCfg = Release|Any CPU
		{D9887B09-0267-4C9C-9192-5EB15CC20D64}.Release|Any CPU.Build.0 = Release|Any CPU
		{1CBD1AF8-42F9-4792-8D70-2B698FB6EEEE}.Debug|Any CPU.ActiveCfg = Debug|Any CPU
		{1CBD1AF8-42F9-4792-8D70-2B698FB6EEEE}.Debug|Any CPU.Build.0 = Debug|Any CPU
		{1CBD1AF8-42F9-4792-8D70-2B698FB6EEEE}.Release|Any CPU.ActiveCfg = Release|Any CPU
		{1CBD1AF8-42F9-4792-8D70-2B698FB6EEEE}.Release|Any CPU.Build.0 = Release|Any CPU
		{2AE5E089-EEC3-459A-A250-2B374389DD0F}.Debug|Any CPU.ActiveCfg = Debug|Any CPU
		{2AE5E089-EEC3-459A-A250-2B374389DD0F}.Debug|Any CPU.Build.0 = Debug|Any CPU
		{2AE5E089-EEC3-459A-A250-2B374389DD0F}.Release|Any CPU.ActiveCfg = Release|Any CPU
		{2AE5E089-EEC3-459A-A250-2B374389DD0F}.Release|Any CPU.Build.0 = Release|Any CPU
	EndGlobalSection
	GlobalSection(SolutionProperties) = preSolution
		HideSolutionNode = FALSE
	EndGlobalSection
	GlobalSection(ExtensibilityGlobals) = postSolution
		SolutionGuid = {2EA19733-6D52-4F1D-8D85-1FEABD6F211D}
	EndGlobalSection
EndGlobal
